
Microsoft Visual Studio Solution File, Format Version 12.00
# Visual Studio Version 17
VisualStudioVersion = 17.0.31903.59
MinimumVisualStudioVersion = 10.0.40219.1
Project("{9A19103F-16F7-4668-BE54-9A1E7A4F7556}") = "University", "src\University\University.csproj", "{C73D60D5-7FFF-4C12-8D9B-7EDCD0A0A60B}"
EndProject
Project("{2150E333-8FDC-42A3-9474-1A3956D46DE8}") = "_solutionItems", "_solutionItems", "{1997A71F-9E21-4DF5-881E-1D04483D7A7D}"
	ProjectSection(SolutionItems) = preProject
		.github\workflows\dotnet.yml = .github\workflows\dotnet.yml
		README.md = README.md
	EndProjectSection
EndProject
Project("{FAE04EC0-301F-11D3-BF4B-00C04F79EFBC}") = "CompanyXHumanResources", "CompanyXHumanResources\CompanyXHumanResources.csproj", "{7CFCDDF0-6558-4208-810E-8153CAA31F96}"
EndProject
Global
	GlobalSection(SolutionConfigurationPlatforms) = preSolution
		Debug|Any CPU = Debug|Any CPU
		Release|Any CPU = Release|Any CPU
	EndGlobalSection
	GlobalSection(ProjectConfigurationPlatforms) = postSolution
		{C73D60D5-7FFF-4C12-8D9B-7EDCD0A0A60B}.Debug|Any CPU.ActiveCfg = Debug|Any CPU
		{C73D60D5-7FFF-4C12-8D9B-7EDCD0A0A60B}.Debug|Any CPU.Build.0 = Debug|Any CPU
		{C73D60D5-7FFF-4C12-8D9B-7EDCD0A0A60B}.Release|Any CPU.ActiveCfg = Release|Any CPU
		{C73D60D5-7FFF-4C12-8D9B-7EDCD0A0A60B}.Release|Any CPU.Build.0 = Release|Any CPU
		{7CFCDDF0-6558-4208-810E-8153CAA31F96}.Debug|Any CPU.ActiveCfg = Debug|Any CPU
		{7CFCDDF0-6558-4208-810E-8153CAA31F96}.Debug|Any CPU.Build.0 = Debug|Any CPU
		{7CFCDDF0-6558-4208-810E-8153CAA31F96}.Release|Any CPU.ActiveCfg = Release|Any CPU
		{7CFCDDF0-6558-4208-810E-8153CAA31F96}.Release|Any CPU.Build.0 = Release|Any CPU
	EndGlobalSection
	GlobalSection(SolutionProperties) = preSolution
		HideSolutionNode = FALSE
	EndGlobalSection
	GlobalSection(ExtensibilityGlobals) = postSolution
		SolutionGuid = {2C18CD92-4DF7-4EE0-854E-D0E95F6D6B66}
	EndGlobalSection
EndGlobal
